
Microsoft Visual Studio Solution File, Format Version 12.00
# Visual Studio Version 16
VisualStudioVersion = 25.0.1705.4
MinimumVisualStudioVersion = 10.0.40219.1
Project("{FAE04EC0-301F-11D3-BF4B-00C04F79EFBC}") = "orders", "orders\orders.csproj", "{9A63243C-EC8E-43F1-ABEB-296800746838}"
EndProject
Project("{E53339B2-1760-4266-BCC7-CA923CBCF16C}") = "docker-compose", "docker-compose.dcproj", "{56FAFAD7-FD93-412D-B5E0-1EF333A2C315}"
EndProject
Global
	GlobalSection(SolutionConfigurationPlatforms) = preSolution
		Debug|Any CPU = Debug|Any CPU
		Release|Any CPU = Release|Any CPU
	EndGlobalSection
	GlobalSection(ProjectConfigurationPlatforms) = postSolution
		{9A63243C-EC8E-43F1-ABEB-296800746838}.Debug|Any CPU.ActiveCfg = Debug|Any CPU
		{9A63243C-EC8E-43F1-ABEB-296800746838}.Debug|Any CPU.Build.0 = Debug|Any CPU
		{9A63243C-EC8E-43F1-ABEB-296800746838}.Release|Any CPU.ActiveCfg = Release|Any CPU
		{9A63243C-EC8E-43F1-ABEB-296800746838}.Release|Any CPU.Build.0 = Release|Any CPU
		{56FAFAD7-FD93-412D-B5E0-1EF333A2C315}.Debug|Any CPU.ActiveCfg = Debug|Any CPU
		{56FAFAD7-FD93-412D-B5E0-1EF333A2C315}.Debug|Any CPU.Build.0 = Debug|Any CPU
		{56FAFAD7-FD93-412D-B5E0-1EF333A2C315}.Release|Any CPU.ActiveCfg = Release|Any CPU
		{56FAFAD7-FD93-412D-B5E0-1EF333A2C315}.Release|Any CPU.Build.0 = Release|Any CPU
	EndGlobalSection
	GlobalSection(SolutionProperties) = preSolution
		HideSolutionNode = FALSE
	EndGlobalSection
	GlobalSection(ExtensibilityGlobals) = postSolution
		SolutionGuid = {3CECAA3F-F1FE-4145-9932-F01A4B9D51BA}
	EndGlobalSection
EndGlobal
